
Microsoft Visual Studio Solution File, Format Version 12.00
# Visual Studio Version 16
VisualStudioVersion = 16.0.31321.278
MinimumVisualStudioVersion = 10.0.40219.1
Project("{9A19103F-16F7-4668-BE54-9A1E7A4F7556}") = "GUI", "GUI.csproj", "{842C2980-ACCB-4005-8D52-39E1679A0E96}"
EndProject
Project("{FAE04EC0-301F-11D3-BF4B-00C04F79EFBC}") = "GUITests2", "..\GUITests2\GUITests2.csproj", "{5B626EBE-A496-4B3A-A147-9ED16A93EA7D}"
EndProject
Global
	GlobalSection(SolutionConfigurationPlatforms) = preSolution
		Debug|Any CPU = Debug|Any CPU
		Release|Any CPU = Release|Any CPU
	EndGlobalSection
	GlobalSection(ProjectConfigurationPlatforms) = postSolution
		{842C2980-ACCB-4005-8D52-39E1679A0E96}.Debug|Any CPU.ActiveCfg = Debug|Any CPU
		{842C2980-ACCB-4005-8D52-39E1679A0E96}.Debug|Any CPU.Build.0 = Debug|Any CPU
		{842C2980-ACCB-4005-8D52-39E1679A0E96}.Release|Any CPU.ActiveCfg = Release|Any CPU
		{842C2980-ACCB-4005-8D52-39E1679A0E96}.Release|Any CPU.Build.0 = Release|Any CPU
		{5B626EBE-A496-4B3A-A147-9ED16A93EA7D}.Debug|Any CPU.ActiveCfg = Debug|Any CPU
		{5B626EBE-A496-4B3A-A147-9ED16A93EA7D}.Debug|Any CPU.Build.0 = Debug|Any CPU
		{5B626EBE-A496-4B3A-A147-9ED16A93EA7D}.Release|Any CPU.ActiveCfg = Release|Any CPU
		{5B626EBE-A496-4B3A-A147-9ED16A93EA7D}.Release|Any CPU.Build.0 = Release|Any CPU
	EndGlobalSection
	GlobalSection(SolutionProperties) = preSolution
		HideSolutionNode = FALSE
	EndGlobalSection
	GlobalSection(ExtensibilityGlobals) = postSolution
		SolutionGuid = {B0F45866-A244-4AC8-A6B7-0DBCF08E7855}
	EndGlobalSection
EndGlobal
